// !$*UTF8*$!
{
	archiveVersion = 1;
	classes = {
	};
	objectVersion = 56;
	objects = {

/* Begin PBXBuildFile section */
		FC4341F02915F584004A37DB /* TwitterSwiftUIApp.swift in Sources */ = {isa = PBXBuildFile; fileRef = FC4341EF2915F584004A37DB /* TwitterSwiftUIApp.swift */; };
		FC4341F22915F584004A37DB /* ContentView.swift in Sources */ = {isa = PBXBuildFile; fileRef = FC4341F12915F584004A37DB /* ContentView.swift */; };
		FC4341F42915F585004A37DB /* Assets.xcassets in Resources */ = {isa = PBXBuildFile; fileRef = FC4341F32915F585004A37DB /* Assets.xcassets */; };
		FC4341F72915F585004A37DB /* Preview Assets.xcassets in Resources */ = {isa = PBXBuildFile; fileRef = FC4341F62915F585004A37DB /* Preview Assets.xcassets */; };
		FC4342092915F635004A37DB /* FeedView.swift in Sources */ = {isa = PBXBuildFile; fileRef = FC4342082915F635004A37DB /* FeedView.swift */; };
		FC43420C2915F6D5004A37DB /* TweetRowView.swift in Sources */ = {isa = PBXBuildFile; fileRef = FC43420B2915F6D5004A37DB /* TweetRowView.swift */; };
		FC43420F2915FC0C004A37DB /* MainTabView.swift in Sources */ = {isa = PBXBuildFile; fileRef = FC43420E2915FC0C004A37DB /* MainTabView.swift */; };
		FCB25E6F29171B99004B59D6 /* ExploreView.swift in Sources */ = {isa = PBXBuildFile; fileRef = FCB25E6E29171B99004B59D6 /* ExploreView.swift */; };
		FCB25E7129171BAA004B59D6 /* NotificationsView.swift in Sources */ = {isa = PBXBuildFile; fileRef = FCB25E7029171BAA004B59D6 /* NotificationsView.swift */; };
		FCB25E7329171BC4004B59D6 /* MessagesView.swift in Sources */ = {isa = PBXBuildFile; fileRef = FCB25E7229171BC4004B59D6 /* MessagesView.swift */; };
/* End PBXBuildFile section */

/* Begin PBXFileReference section */
		FC4341EC2915F584004A37DB /* TwitterSwiftUI.app */ = {isa = PBXFileReference; explicitFileType = wrapper.application; includeInIndex = 0; path = TwitterSwiftUI.app; sourceTree = BUILT_PRODUCTS_DIR; };
		FC4341EF2915F584004A37DB /* TwitterSwiftUIApp.swift */ = {isa = PBXFileReference; lastKnownFileType = sourcecode.swift; path = TwitterSwiftUIApp.swift; sourceTree = "<group>"; };
		FC4341F12915F584004A37DB /* ContentView.swift */ = {isa = PBXFileReference; lastKnownFileType = sourcecode.swift; path = ContentView.swift; sourceTree = "<group>"; };
		FC4341F32915F585004A37DB /* Assets.xcassets */ = {isa = PBXFileReference; lastKnownFileType = folder.assetcatalog; path = Assets.xcassets; sourceTree = "<group>"; };
		FC4341F62915F585004A37DB /* Preview Assets.xcassets */ = {isa = PBXFileReference; lastKnownFileType = folder.assetcatalog; path = "Preview Assets.xcassets"; sourceTree = "<group>"; };
		FC4342082915F635004A37DB /* FeedView.swift */ = {isa = PBXFileReference; lastKnownFileType = sourcecode.swift; path = FeedView.swift; sourceTree = "<group>"; };
		FC43420B2915F6D5004A37DB /* TweetRowView.swift */ = {isa = PBXFileReference; lastKnownFileType = sourcecode.swift; path = TweetRowView.swift; sourceTree = "<group>"; };
		FC43420E2915FC0C004A37DB /* MainTabView.swift */ = {isa = PBXFileReference; lastKnownFileType = sourcecode.swift; path = MainTabView.swift; sourceTree = "<group>"; };
		FCB25E6E29171B99004B59D6 /* ExploreView.swift */ = {isa = PBXFileReference; lastKnownFileType = sourcecode.swift; path = ExploreView.swift; sourceTree = "<group>"; };
		FCB25E7029171BAA004B59D6 /* NotificationsView.swift */ = {isa = PBXFileReference; lastKnownFileType = sourcecode.swift; path = NotificationsView.swift; sourceTree = "<group>"; };
		FCB25E7229171BC4004B59D6 /* MessagesView.swift */ = {isa = PBXFileReference; lastKnownFileType = sourcecode.swift; path = MessagesView.swift; sourceTree = "<group>"; };
/* End PBXFileReference section */

/* Begin PBXFrameworksBuildPhase section */
		FC4341E92915F584004A37DB /* Frameworks */ = {
			isa = PBXFrameworksBuildPhase;
			buildActionMask = 2147483647;
			files = (
			);
			runOnlyForDeploymentPostprocessing = 0;
		};
/* End PBXFrameworksBuildPhase section */

/* Begin PBXGroup section */
		FC4341E32915F584004A37DB = {
			isa = PBXGroup;
			children = (
				FC4341EE2915F584004A37DB /* TwitterSwiftUI */,
				FC4341ED2915F584004A37DB /* Products */,
			);
			sourceTree = "<group>";
		};
		FC4341ED2915F584004A37DB /* Products */ = {
			isa = PBXGroup;
			children = (
				FC4341EC2915F584004A37DB /* TwitterSwiftUI.app */,
			);
			name = Products;
			sourceTree = "<group>";
		};
		FC4341EE2915F584004A37DB /* TwitterSwiftUI */ = {
			isa = PBXGroup;
			children = (
				FC4342012915F5BA004A37DB /* Extensions */,
				FC4342002915F5B8004A37DB /* Model */,
				FC4341FE2915F5B0004A37DB /* Service */,
				FC4341FD2915F5A5004A37DB /* Core */,
				FC4341EF2915F584004A37DB /* TwitterSwiftUIApp.swift */,
				FC4341F12915F584004A37DB /* ContentView.swift */,
				FC4341F32915F585004A37DB /* Assets.xcassets */,
				FC4341F52915F585004A37DB /* Preview Content */,
			);
			path = TwitterSwiftUI;
			sourceTree = "<group>";
		};
		FC4341F52915F585004A37DB /* Preview Content */ = {
			isa = PBXGroup;
			children = (
				FC4341F62915F585004A37DB /* Preview Assets.xcassets */,
			);
			path = "Preview Content";
			sourceTree = "<group>";
		};
		FC4341FD2915F5A5004A37DB /* Core */ = {
			isa = PBXGroup;
			children = (
				FC4342022915F5D4004A37DB /* Components */,
				FCB25E6D29171B7D004B59D6 /* Profile */,
				FCB25E6929171B29004B59D6 /* Explore */,
				FCB25E6B29171B44004B59D6 /* Notifications */,
				FCB25E6C29171B51004B59D6 /* Messages */,
				FC43420D2915FBFB004A37DB /* MainTab */,
				FC4342052915F600004A37DB /* Feed */,
			);
			path = Core;
			sourceTree = "<group>";
		};
		FC4341FE2915F5B0004A37DB /* Service */ = {
			isa = PBXGroup;
			children = (
			);
			path = Service;
			sourceTree = "<group>";
		};
		FC4342002915F5B8004A37DB /* Model */ = {
			isa = PBXGroup;
			children = (
			);
			path = Model;
			sourceTree = "<group>";
		};
		FC4342012915F5BA004A37DB /* Extensions */ = {
			isa = PBXGroup;
			children = (
			);
			path = Extensions;
			sourceTree = "<group>";
		};
		FC4342022915F5D4004A37DB /* Components */ = {
			isa = PBXGroup;
			children = (
				FC43420A2915F6A4004A37DB /* Tweets */,
			);
			path = Components;
			sourceTree = "<group>";
		};
		FC4342052915F600004A37DB /* Feed */ = {
			isa = PBXGroup;
			children = (
				FC4342072915F612004A37DB /* ViewModels */,
				FC4342062915F60F004A37DB /* View */,
			);
			path = Feed;
			sourceTree = "<group>";
		};
		FC4342062915F60F004A37DB /* View */ = {
			isa = PBXGroup;
			children = (
				FC4342082915F635004A37DB /* FeedView.swift */,
			);
			path = View;
			sourceTree = "<group>";
		};
		FC4342072915F612004A37DB /* ViewModels */ = {
			isa = PBXGroup;
			children = (
			);
			path = ViewModels;
			sourceTree = "<group>";
		};
		FC43420A2915F6A4004A37DB /* Tweets */ = {
			isa = PBXGroup;
			children = (
				FC43420B2915F6D5004A37DB /* TweetRowView.swift */,
			);
			path = Tweets;
			sourceTree = "<group>";
		};
		FC43420D2915FBFB004A37DB /* MainTab */ = {
			isa = PBXGroup;
			children = (
				FC43420E2915FC0C004A37DB /* MainTabView.swift */,
			);
			path = MainTab;
			sourceTree = "<group>";
		};
		FCB25E6929171B29004B59D6 /* Explore */ = {
			isa = PBXGroup;
			children = (
				FCB25E6E29171B99004B59D6 /* ExploreView.swift */,
			);
			path = Explore;
			sourceTree = "<group>";
		};
		FCB25E6B29171B44004B59D6 /* Notifications */ = {
			isa = PBXGroup;
			children = (
				FCB25E7029171BAA004B59D6 /* NotificationsView.swift */,
			);
			path = Notifications;
			sourceTree = "<group>";
		};
		FCB25E6C29171B51004B59D6 /* Messages */ = {
			isa = PBXGroup;
			children = (
				FCB25E7229171BC4004B59D6 /* MessagesView.swift */,
			);
			path = Messages;
			sourceTree = "<group>";
		};
		FCB25E6D29171B7D004B59D6 /* Profile */ = {
			isa = PBXGroup;
			children = (
			);
			path = Profile;
			sourceTree = "<group>";
		};
/* End PBXGroup section */

/* Begin PBXNativeTarget section */
		FC4341EB2915F584004A37DB /* TwitterSwiftUI */ = {
			isa = PBXNativeTarget;
			buildConfigurationList = FC4341FA2915F585004A37DB /* Build configuration list for PBXNativeTarget "TwitterSwiftUI" */;
			buildPhases = (
				FC4341E82915F584004A37DB /* Sources */,
				FC4341E92915F584004A37DB /* Frameworks */,
				FC4341EA2915F584004A37DB /* Resources */,
			);
			buildRules = (
			);
			dependencies = (
			);
			name = TwitterSwiftUI;
			productName = TwitterSwiftUI;
			productReference = FC4341EC2915F584004A37DB /* TwitterSwiftUI.app */;
			productType = "com.apple.product-type.application";
		};
/* End PBXNativeTarget section */

/* Begin PBXProject section */
		FC4341E42915F584004A37DB /* Project object */ = {
			isa = PBXProject;
			attributes = {
				BuildIndependentTargetsInParallel = 1;
				LastSwiftUpdateCheck = 1410;
				LastUpgradeCheck = 1410;
				TargetAttributes = {
					FC4341EB2915F584004A37DB = {
						CreatedOnToolsVersion = 14.1;
					};
				};
			};
			buildConfigurationList = FC4341E72915F584004A37DB /* Build configuration list for PBXProject "TwitterSwiftUI" */;
			compatibilityVersion = "Xcode 14.0";
			developmentRegion = en;
			hasScannedForEncodings = 0;
			knownRegions = (
				en,
				Base,
			);
			mainGroup = FC4341E32915F584004A37DB;
			productRefGroup = FC4341ED2915F584004A37DB /* Products */;
			projectDirPath = "";
			projectRoot = "";
			targets = (
				FC4341EB2915F584004A37DB /* TwitterSwiftUI */,
			);
		};
/* End PBXProject section */

/* Begin PBXResourcesBuildPhase section */
		FC4341EA2915F584004A37DB /* Resources */ = {
			isa = PBXResourcesBuildPhase;
			buildActionMask = 2147483647;
			files = (
				FC4341F72915F585004A37DB /* Preview Assets.xcassets in Resources */,
				FC4341F42915F585004A37DB /* Assets.xcassets in Resources */,
			);
			runOnlyForDeploymentPostprocessing = 0;
		};
/* End PBXResourcesBuildPhase section */

/* Begin PBXSourcesBuildPhase section */
		FC4341E82915F584004A37DB /* Sources */ = {
			isa = PBXSourcesBuildPhase;
			buildActionMask = 2147483647;
			files = (
				FCB25E7329171BC4004B59D6 /* MessagesView.swift in Sources */,
				FC4341F22915F584004A37DB /* ContentView.swift in Sources */,
				FC43420C2915F6D5004A37DB /* TweetRowView.swift in Sources */,
				FC4342092915F635004A37DB /* FeedView.swift in Sources */,
				FC4341F02915F584004A37DB /* TwitterSwiftUIApp.swift in Sources */,
				FCB25E6F29171B99004B59D6 /* ExploreView.swift in Sources */,
				FC43420F2915FC0C004A37DB /* MainTabView.swift in Sources */,
				FCB25E7129171BAA004B59D6 /* NotificationsView.swift in Sources */,
			);
			runOnlyForDeploymentPostprocessing = 0;
		};
/* End PBXSourcesBuildPhase section */

/* Begin XCBuildConfiguration section */
		FC4341F82915F585004A37DB /* Debug */ = {
			isa = XCBuildConfiguration;
			buildSettings = {
				ALWAYS_SEARCH_USER_PATHS = NO;
				CLANG_ANALYZER_NONNULL = YES;
				CLANG_ANALYZER_NUMBER_OBJECT_CONVERSION = YES_AGGRESSIVE;
				CLANG_CXX_LANGUAGE_STANDARD = "gnu++20";
				CLANG_ENABLE_MODULES = YES;
				CLANG_ENABLE_OBJC_ARC = YES;
				CLANG_ENABLE_OBJC_WEAK = YES;
				CLANG_WARN_BLOCK_CAPTURE_AUTORELEASING = YES;
				CLANG_WARN_BOOL_CONVERSION = YES;
				CLANG_WARN_COMMA = YES;
				CLANG_WARN_CONSTANT_CONVERSION = YES;
				CLANG_WARN_DEPRECATED_OBJC_IMPLEMENTATIONS = YES;
				CLANG_WARN_DIRECT_OBJC_ISA_USAGE = YES_ERROR;
				CLANG_WARN_DOCUMENTATION_COMMENTS = YES;
				CLANG_WARN_EMPTY_BODY = YES;
				CLANG_WARN_ENUM_CONVERSION = YES;
				CLANG_WARN_INFINITE_RECURSION = YES;
				CLANG_WARN_INT_CONVERSION = YES;
				CLANG_WARN_NON_LITERAL_NULL_CONVERSION = YES;
				CLANG_WARN_OBJC_IMPLICIT_RETAIN_SELF = YES;
				CLANG_WARN_OBJC_LITERAL_CONVERSION = YES;
				CLANG_WARN_OBJC_ROOT_CLASS = YES_ERROR;
				CLANG_WARN_QUOTED_INCLUDE_IN_FRAMEWORK_HEADER = YES;
				CLANG_WARN_RANGE_LOOP_ANALYSIS = YES;
				CLANG_WARN_STRICT_PROTOTYPES = YES;
				CLANG_WARN_SUSPICIOUS_MOVE = YES;
				CLANG_WARN_UNGUARDED_AVAILABILITY = YES_AGGRESSIVE;
				CLANG_WARN_UNREACHABLE_CODE = YES;
				CLANG_WARN__DUPLICATE_METHOD_MATCH = YES;
				COPY_PHASE_STRIP = NO;
				DEBUG_INFORMATION_FORMAT = dwarf;
				ENABLE_STRICT_OBJC_MSGSEND = YES;
				ENABLE_TESTABILITY = YES;
				GCC_C_LANGUAGE_STANDARD = gnu11;
				GCC_DYNAMIC_NO_PIC = NO;
				GCC_NO_COMMON_BLOCKS = YES;
				GCC_OPTIMIZATION_LEVEL = 0;
				GCC_PREPROCESSOR_DEFINITIONS = (
					"DEBUG=1",
					"$(inherited)",
				);
				GCC_WARN_64_TO_32_BIT_CONVERSION = YES;
				GCC_WARN_ABOUT_RETURN_TYPE = YES_ERROR;
				GCC_WARN_UNDECLARED_SELECTOR = YES;
				GCC_WARN_UNINITIALIZED_AUTOS = YES_AGGRESSIVE;
				GCC_WARN_UNUSED_FUNCTION = YES;
				GCC_WARN_UNUSED_VARIABLE = YES;
				IPHONEOS_DEPLOYMENT_TARGET = 16.1;
				MTL_ENABLE_DEBUG_INFO = INCLUDE_SOURCE;
				MTL_FAST_MATH = YES;
				ONLY_ACTIVE_ARCH = YES;
				SDKROOT = iphoneos;
				SWIFT_ACTIVE_COMPILATION_CONDITIONS = DEBUG;
				SWIFT_OPTIMIZATION_LEVEL = "-Onone";
			};
			name = Debug;
		};
		FC4341F92915F585004A37DB /* Release */ = {
			isa = XCBuildConfiguration;
			buildSettings = {
				ALWAYS_SEARCH_USER_PATHS = NO;
				CLANG_ANALYZER_NONNULL = YES;
				CLANG_ANALYZER_NUMBER_OBJECT_CONVERSION = YES_AGGRESSIVE;
				CLANG_CXX_LANGUAGE_STANDARD = "gnu++20";
				CLANG_ENABLE_MODULES = YES;
				CLANG_ENABLE_OBJC_ARC = YES;
				CLANG_ENABLE_OBJC_WEAK = YES;
				CLANG_WARN_BLOCK_CAPTURE_AUTORELEASING = YES;
				CLANG_WARN_BOOL_CONVERSION = YES;
				CLANG_WARN_COMMA = YES;
				CLANG_WARN_CONSTANT_CONVERSION = YES;
				CLANG_WARN_DEPRECATED_OBJC_IMPLEMENTATIONS = YES;
				CLANG_WARN_DIRECT_OBJC_ISA_USAGE = YES_ERROR;
				CLANG_WARN_DOCUMENTATION_COMMENTS = YES;
				CLANG_WARN_EMPTY_BODY = YES;
				CLANG_WARN_ENUM_CONVERSION = YES;
				CLANG_WARN_INFINITE_RECURSION = YES;
				CLANG_WARN_INT_CONVERSION = YES;
				CLANG_WARN_NON_LITERAL_NULL_CONVERSION = YES;
				CLANG_WARN_OBJC_IMPLICIT_RETAIN_SELF = YES;
				CLANG_WARN_OBJC_LITERAL_CONVERSION = YES;
				CLANG_WARN_OBJC_ROOT_CLASS = YES_ERROR;
				CLANG_WARN_QUOTED_INCLUDE_IN_FRAMEWORK_HEADER = YES;
				CLANG_WARN_RANGE_LOOP_ANALYSIS = YES;
				CLANG_WARN_STRICT_PROTOTYPES = YES;
				CLANG_WARN_SUSPICIOUS_MOVE = YES;
				CLANG_WARN_UNGUARDED_AVAILABILITY = YES_AGGRESSIVE;
				CLANG_WARN_UNREACHABLE_CODE = YES;
				CLANG_WARN__DUPLICATE_METHOD_MATCH = YES;
				COPY_PHASE_STRIP = NO;
				DEBUG_INFORMATION_FORMAT = "dwarf-with-dsym";
				ENABLE_NS_ASSERTIONS = NO;
				ENABLE_STRICT_OBJC_MSGSEND = YES;
				GCC_C_LANGUAGE_STANDARD = gnu11;
				GCC_NO_COMMON_BLOCKS = YES;
				GCC_WARN_64_TO_32_BIT_CONVERSION = YES;
				GCC_WARN_ABOUT_RETURN_TYPE = YES_ERROR;
				GCC_WARN_UNDECLARED_SELECTOR = YES;
				GCC_WARN_UNINITIALIZED_AUTOS = YES_AGGRESSIVE;
				GCC_WARN_UNUSED_FUNCTION = YES;
				GCC_WARN_UNUSED_VARIABLE = YES;
				IPHONEOS_DEPLOYMENT_TARGET = 16.1;
				MTL_ENABLE_DEBUG_INFO = NO;
				MTL_FAST_MATH = YES;
				SDKROOT = iphoneos;
				SWIFT_COMPILATION_MODE = wholemodule;
				SWIFT_OPTIMIZATION_LEVEL = "-O";
				VALIDATE_PRODUCT = YES;
			};
			name = Release;
		};
		FC4341FB2915F585004A37DB /* Debug */ = {
			isa = XCBuildConfiguration;
			buildSettings = {
				ASSETCATALOG_COMPILER_APPICON_NAME = AppIcon;
				ASSETCATALOG_COMPILER_GLOBAL_ACCENT_COLOR_NAME = AccentColor;
				CODE_SIGN_STYLE = Automatic;
				CURRENT_PROJECT_VERSION = 1;
				DEVELOPMENT_ASSET_PATHS = "\"TwitterSwiftUI/Preview Content\"";
				DEVELOPMENT_TEAM = 24H428V334;
				ENABLE_PREVIEWS = YES;
				GENERATE_INFOPLIST_FILE = YES;
				INFOPLIST_KEY_UIApplicationSceneManifest_Generation = YES;
				INFOPLIST_KEY_UIApplicationSupportsIndirectInputEvents = YES;
				INFOPLIST_KEY_UILaunchScreen_Generation = YES;
				INFOPLIST_KEY_UISupportedInterfaceOrientations_iPad = "UIInterfaceOrientationPortrait UIInterfaceOrientationPortraitUpsideDown UIInterfaceOrientationLandscapeLeft UIInterfaceOrientationLandscapeRight";
				INFOPLIST_KEY_UISupportedInterfaceOrientations_iPhone = "UIInterfaceOrientationPortrait UIInterfaceOrientationLandscapeLeft UIInterfaceOrientationLandscapeRight";
				LD_RUNPATH_SEARCH_PATHS = (
					"$(inherited)",
					"@executable_path/Frameworks",
				);
				MARKETING_VERSION = 1.0;
				PRODUCT_BUNDLE_IDENTIFIER = com.josecastillo.TwitterSwiftUI;
				PRODUCT_NAME = "$(TARGET_NAME)";
				SWIFT_EMIT_LOC_STRINGS = YES;
				SWIFT_VERSION = 5.0;
				TARGETED_DEVICE_FAMILY = "1,2";
			};
			name = Debug;
		};
		FC4341FC2915F585004A37DB /* Release */ = {
			isa = XCBuildConfiguration;
			buildSettings = {
				ASSETCATALOG_COMPILER_APPICON_NAME = AppIcon;
				ASSETCATALOG_COMPILER_GLOBAL_ACCENT_COLOR_NAME = AccentColor;
				CODE_SIGN_STYLE = Automatic;
				CURRENT_PROJECT_VERSION = 1;
				DEVELOPMENT_ASSET_PATHS = "\"TwitterSwiftUI/Preview Content\"";
				DEVELOPMENT_TEAM = 24H428V334;
				ENABLE_PREVIEWS = YES;
				GENERATE_INFOPLIST_FILE = YES;
				INFOPLIST_KEY_UIApplicationSceneManifest_Generation = YES;
				INFOPLIST_KEY_UIApplicationSupportsIndirectInputEvents = YES;
				INFOPLIST_KEY_UILaunchScreen_Generation = YES;
				INFOPLIST_KEY_UISupportedInterfaceOrientations_iPad = "UIInterfaceOrientationPortrait UIInterfaceOrientationPortraitUpsideDown UIInterfaceOrientationLandscapeLeft UIInterfaceOrientationLandscapeRight";
				INFOPLIST_KEY_UISupportedInterfaceOrientations_iPhone = "UIInterfaceOrientationPortrait UIInterfaceOrientationLandscapeLeft UIInterfaceOrientationLandscapeRight";
				LD_RUNPATH_SEARCH_PATHS = (
					"$(inherited)",
					"@executable_path/Frameworks",
				);
				MARKETING_VERSION = 1.0;
				PRODUCT_BUNDLE_IDENTIFIER = com.josecastillo.TwitterSwiftUI;
				PRODUCT_NAME = "$(TARGET_NAME)";
				SWIFT_EMIT_LOC_STRINGS = YES;
				SWIFT_VERSION = 5.0;
				TARGETED_DEVICE_FAMILY = "1,2";
			};
			name = Release;
		};
/* End XCBuildConfiguration section */

/* Begin XCConfigurationList section */
		FC4341E72915F584004A37DB /* Build configuration list for PBXProject "TwitterSwiftUI" */ = {
			isa = XCConfigurationList;
			buildConfigurations = (
				FC4341F82915F585004A37DB /* Debug */,
				FC4341F92915F585004A37DB /* Release */,
			);
			defaultConfigurationIsVisible = 0;
			defaultConfigurationName = Release;
		};
		FC4341FA2915F585004A37DB /* Build configuration list for PBXNativeTarget "TwitterSwiftUI" */ = {
			isa = XCConfigurationList;
			buildConfigurations = (
				FC4341FB2915F585004A37DB /* Debug */,
				FC4341FC2915F585004A37DB /* Release */,
			);
			defaultConfigurationIsVisible = 0;
			defaultConfigurationName = Release;
		};
/* End XCConfigurationList section */
	};
	rootObject = FC4341E42915F584004A37DB /* Project object */;
}
